{
  "name": "@lazytrae/mcp-server",
  "version": "1.0.1",
  "lockfileVersion": 3,
  "requires": true,
  "packages": {
    "": {
      "name": "@lazytrae/mcp-server",
      "version": "1.0.1",
      "license": "MIT",
      "bin": {
        "lazytrae-mcp": "src/index.js"
      },
      "engines": {
        "node": ">=18.0.0"
      }
    }
  }
}
