{
  "name": "@lazytrae/tooling",
  "version": "1.0.3",
  "lockfileVersion": 3,
  "requires": true,
  "packages": {
    "": {
      "name": "@lazytrae/tooling",
      "version": "1.0.3",
      "license": "MIT",
      "dependencies": {
        "@ast-grep/cli": "0.45.0"
      },
      "engines": {
        "node": ">=18.0.0"
      },
      "optionalDependencies": {
        "@ast-grep/cli": "0.45.0",
        "@vscode/ripgrep": "1.18.0"
      }
    },
    "node_modules/@ast-grep/cli": {
      "version": "0.45.0",
      "resolved": "https://registry.npmjs.org/@ast-grep/cli/-/cli-0.45.0.tgz",
      "integrity": "sha512-OQ4pcktMtg1hcQat/iCpX9r8HJ7mU/2SZVoGHA9id2gEfosvDw5m5RINQXsSRZXQW8bl45FW6FhdK0O2FiKjsw==",
      "hasInstallScript": true,
      "license": "MIT",
      "optional": true,
      "dependencies": {
        "detect-libc": "2.1.2"
      },
      "bin": {
        "ast-grep": "ast-grep",
        "sg": "sg"
      },
      "engines": {
        "node": ">= 12.0.0"
      },
      "optionalDependencies": {
        "@ast-grep/cli-darwin-arm64": "0.45.0",
        "@ast-grep/cli-darwin-x64": "0.45.0",
        "@ast-grep/cli-linux-arm64-gnu": "0.45.0",
        "@ast-grep/cli-linux-x64-gnu": "0.45.0",
        "@ast-grep/cli-win32-arm64-msvc": "0.45.0",
        "@ast-grep/cli-win32-ia32-msvc": "0.45.0",
        "@ast-grep/cli-win32-x64-msvc": "0.45.0"
      }
    },
    "node_modules/@ast-grep/cli-darwin-arm64": {
      "version": "0.45.0",
      "resolved": "https://registry.npmjs.org/@ast-grep/cli-darwin-arm64/-/cli-darwin-arm64-0.45.0.tgz",
      "integrity": "sha512-/GqKTawC6/g9k+NDr0u3PvJ0LJkmY5NH4GfvwrgmB8HjRVOoUXWQx5vVzZoEVrAcTogfNWEMs4I5Gdh+glQvPw==",
      "cpu": [
        "arm64"
      ],
      "license": "MIT",
      "optional": true,
      "os": [
        "darwin"
      ],
      "engines": {
        "node": ">= 10"
      }
    },
    "node_modules/@ast-grep/cli-darwin-x64": {
      "version": "0.45.0",
      "resolved": "https://registry.npmjs.org/@ast-grep/cli-darwin-x64/-/cli-darwin-x64-0.45.0.tgz",
      "integrity": "sha512-SvcLPpOX2HaPepwuuSzTRdnrlcaVprQGdwuoW00+KWRjGZJj5z0WGIY84wjfTYhzUxaN5+z4GlCwLGgn0ojMzw==",
      "cpu": [
        "x64"
      ],
      "license": "MIT",
      "optional": true,
      "os": [
        "darwin"
      ],
      "engines": {
        "node": ">= 10"
      }
    },
    "node_modules/@ast-grep/cli-linux-arm64-gnu": {
      "version": "0.45.0",
      "resolved": "https://registry.npmjs.org/@ast-grep/cli-linux-arm64-gnu/-/cli-linux-arm64-gnu-0.45.0.tgz",
      "integrity": "sha512-N0vVTmASn/YR76BoY1zrIltLJ+PJ/zOv2aszX51Wym1ZA6P75tUPctofXh6KzEpESMdx2DcIDyDWVRi672SaQQ==",
      "cpu": [
        "arm64"
      ],
      "libc": [
        "glibc"
      ],
      "license": "MIT",
      "optional": true,
      "os": [
        "linux"
      ],
      "engines": {
        "node": ">= 10"
      }
    },
    "node_modules/@ast-grep/cli-linux-x64-gnu": {
      "version": "0.45.0",
      "resolved": "https://registry.npmjs.org/@ast-grep/cli-linux-x64-gnu/-/cli-linux-x64-gnu-0.45.0.tgz",
      "integrity": "sha512-rAMZJzAiBuXMViuJgdPeMZXI9HnqwMCh3ybIoj8dfWBPsAywKgU8vyH4kd/R5fFr/oB4lKVhTJ2/mEBsOQTHaQ==",
      "cpu": [
        "x64"
      ],
      "libc": [
        "glibc"
      ],
      "license": "MIT",
      "optional": true,
      "os": [
        "linux"
      ],
      "engines": {
        "node": ">= 10"
      }
    },
    "node_modules/@ast-grep/cli-win32-arm64-msvc": {
      "version": "0.45.0",
      "resolved": "https://registry.npmjs.org/@ast-grep/cli-win32-arm64-msvc/-/cli-win32-arm64-msvc-0.45.0.tgz",
      "integrity": "sha512-9RMvGHSE7uMGzlrQ296caPUkF5jX3KcWewyUJLqpxtEQVwZUkJ7R2/rSxBhjZeg7dp1+keIgt/vH/7FyIO5Wwg==",
      "cpu": [
        "arm64"
      ],
      "license": "MIT",
      "optional": true,
      "os": [
        "win32"
      ],
      "engines": {
        "node": ">= 10"
      }
    },
    "node_modules/@ast-grep/cli-win32-ia32-msvc": {
      "version": "0.45.0",
      "resolved": "https://registry.npmjs.org/@ast-grep/cli-win32-ia32-msvc/-/cli-win32-ia32-msvc-0.45.0.tgz",
      "integrity": "sha512-jkQtIpWYJcorhfoRh99cMyeK+edAaysF2z2MR3bRdCDE8EcNfWfqGuWDcLInXwFWFX739dQ6rq9ev3e9o+owXA==",
      "cpu": [
        "ia32"
      ],
      "license": "MIT",
      "optional": true,
      "os": [
        "win32"
      ],
      "engines": {
        "node": ">= 10"
      }
    },
    "node_modules/@ast-grep/cli-win32-x64-msvc": {
      "version": "0.45.0",
      "resolved": "https://registry.npmjs.org/@ast-grep/cli-win32-x64-msvc/-/cli-win32-x64-msvc-0.45.0.tgz",
      "integrity": "sha512-2okmFrV/NP1qBATV21+pFIFiUlh5QbKNzTjCTyuaOhCzt0TwYao/RF5b2VUfsvBMtLqYj4rz69GvcPikznskfg==",
      "cpu": [
        "x64"
      ],
      "license": "MIT",
      "optional": true,
      "os": [
        "win32"
      ],
      "engines": {
        "node": ">= 10"
      }
    },
    "node_modules/@vscode/ripgrep": {
      "version": "1.18.0",
      "resolved": "https://registry.npmjs.org/@vscode/ripgrep/-/ripgrep-1.18.0.tgz",
      "integrity": "sha512-ns5lWe44tSfbTMbVUsyB+I1819PVSw4AdpgK0RNkzfWfwy6+3IUNSxwSrfTno1/oWaS/hERNz+XLWVyga2aJBQ==",
      "license": "MIT",
      "optional": true,
      "optionalDependencies": {
        "@vscode/ripgrep-darwin-arm64": "1.18.0",
        "@vscode/ripgrep-darwin-x64": "1.18.0",
        "@vscode/ripgrep-linux-arm": "1.18.0",
        "@vscode/ripgrep-linux-arm64": "1.18.0",
        "@vscode/ripgrep-linux-ia32": "1.18.0",
        "@vscode/ripgrep-linux-ppc64": "1.18.0",
        "@vscode/ripgrep-linux-riscv64": "1.18.0",
        "@vscode/ripgrep-linux-s390x": "1.18.0",
        "@vscode/ripgrep-linux-x64": "1.18.0",
        "@vscode/ripgrep-win32-arm64": "1.18.0",
        "@vscode/ripgrep-win32-ia32": "1.18.0",
        "@vscode/ripgrep-win32-x64": "1.18.0"
      }
    },
    "node_modules/@vscode/ripgrep-darwin-arm64": {
      "version": "1.18.0",
      "resolved": "https://registry.npmjs.org/@vscode/ripgrep-darwin-arm64/-/ripgrep-darwin-arm64-1.18.0.tgz",
      "integrity": "sha512-r3ktHSvbFycQNF6sl7sNDPocpsI7J+mEzh1IaZFkY0spm3k2Z9t8hPAeOK7+p0l6p6/swkQC14XWX01low+94Q==",
      "cpu": [
        "arm64"
      ],
      "license": "MIT",
      "optional": true,
      "os": [
        "darwin"
      ]
    },
    "node_modules/@vscode/ripgrep-darwin-x64": {
      "version": "1.18.0",
      "resolved": "https://registry.npmjs.org/@vscode/ripgrep-darwin-x64/-/ripgrep-darwin-x64-1.18.0.tgz",
      "integrity": "sha512-25b4gWbL138dGuQU244ebCKKc0q05ULBMoFSz9oAEUHNeqK/lOJViDS7DRvbDazzAzSEdan391Znks/R5mkaTQ==",
      "cpu": [
        "x64"
      ],
      "license": "MIT",
      "optional": true,
      "os": [
        "darwin"
      ]
    },
    "node_modules/@vscode/ripgrep-linux-arm": {
      "version": "1.18.0",
      "resolved": "https://registry.npmjs.org/@vscode/ripgrep-linux-arm/-/ripgrep-linux-arm-1.18.0.tgz",
      "integrity": "sha512-GDAvufNDHu8zqLEmXstalQF0Wh6wQvdsBi/Vg3Yi3CK4a8XoFXqqXVEHEZ9xQz3t0NfoSEc9JbvK9DDS6FxyxQ==",
      "cpu": [
        "arm"
      ],
      "license": "MIT",
      "optional": true,
      "os": [
        "linux"
      ]
    },
    "node_modules/@vscode/ripgrep-linux-arm64": {
      "version": "1.18.0",
      "resolved": "https://registry.npmjs.org/@vscode/ripgrep-linux-arm64/-/ripgrep-linux-arm64-1.18.0.tgz",
      "integrity": "sha512-lQ/5zTG++U0E3IhVgS4EPTTn/U4okncaRMM5GOFfOYZywS4nuD31GhkHbNYlDk5CuDC68+hYJ0/eQeyCKJDA+g==",
      "cpu": [
        "arm64"
      ],
      "license": "MIT",
      "optional": true,
      "os": [
        "linux"
      ]
    },
    "node_modules/@vscode/ripgrep-linux-ia32": {
      "version": "1.18.0",
      "resolved": "https://registry.npmjs.org/@vscode/ripgrep-linux-ia32/-/ripgrep-linux-ia32-1.18.0.tgz",
      "integrity": "sha512-YWLkSUtFd4Jh5EepIhA9RJSfv3uMAVMo+2rBIGHPBnvgLrZciIs2cDKei1/p6Wc/aCzUoHyMAg2R6tw4ZCBKGg==",
      "cpu": [
        "ia32"
      ],
      "license": "MIT",
      "optional": true,
      "os": [
        "linux"
      ]
    },
    "node_modules/@vscode/ripgrep-linux-ppc64": {
      "version": "1.18.0",
      "resolved": "https://registry.npmjs.org/@vscode/ripgrep-linux-ppc64/-/ripgrep-linux-ppc64-1.18.0.tgz",
      "integrity": "sha512-quXVY8fwQ8O/lvU1yrSqSl3jlUzysRSb+AfUfCL/tRtphxsKlFvPAejryZ6vg4Bgvn8XL74xb4qMCDmWgYrT5w==",
      "cpu": [
        "ppc64"
      ],
      "license": "MIT",
      "optional": true,
      "os": [
        "linux"
      ]
    },
    "node_modules/@vscode/ripgrep-linux-riscv64": {
      "version": "1.18.0",
      "resolved": "https://registry.npmjs.org/@vscode/ripgrep-linux-riscv64/-/ripgrep-linux-riscv64-1.18.0.tgz",
      "integrity": "sha512-f5kBQBrWfQt8Q7OhSORuNDei5dkYagBj3y4jImSUXGMy8B/Ke7SltSRcUtjPv166FAFfHCAmWuZp3+cWnX2/Vw==",
      "cpu": [
        "riscv64"
      ],
      "license": "MIT",
      "optional": true,
      "os": [
        "linux"
      ]
    },
    "node_modules/@vscode/ripgrep-linux-s390x": {
      "version": "1.18.0",
      "resolved": "https://registry.npmjs.org/@vscode/ripgrep-linux-s390x/-/ripgrep-linux-s390x-1.18.0.tgz",
      "integrity": "sha512-rTOcJFGGcl2c07RUOWUo4U1ndnemKhY6A9hnMB18uk7jSgJc0d/QLBGWMWpumdtoJtpizn/wIv5mXIisJukusQ==",
      "cpu": [
        "s390x"
      ],
      "license": "MIT",
      "optional": true,
      "os": [
        "linux"
      ]
    },
    "node_modules/@vscode/ripgrep-linux-x64": {
      "version": "1.18.0",
      "resolved": "https://registry.npmjs.org/@vscode/ripgrep-linux-x64/-/ripgrep-linux-x64-1.18.0.tgz",
      "integrity": "sha512-mQ3bVrUpnD2vs7QT0vX90Lt0cnUq467uFtEktIdsJJmW296RoSULRGqWgzG1AKxyBpNDD6l4ZO4qKf6SgyC23Q==",
      "cpu": [
        "x64"
      ],
      "license": "MIT",
      "optional": true,
      "os": [
        "linux"
      ]
    },
    "node_modules/@vscode/ripgrep-win32-arm64": {
      "version": "1.18.0",
      "resolved": "https://registry.npmjs.org/@vscode/ripgrep-win32-arm64/-/ripgrep-win32-arm64-1.18.0.tgz",
      "integrity": "sha512-vfTIjq1OHnzUjxZcHVQAMbnggp8dpGf+0QKFOZHwWPqFwXxQC8eCWM+5NUdoJ6yrElCeMzoUTXoK/LdZaniB+Q==",
      "cpu": [
        "arm64"
      ],
      "license": "MIT",
      "optional": true,
      "os": [
        "win32"
      ]
    },
    "node_modules/@vscode/ripgrep-win32-ia32": {
      "version": "1.18.0",
      "resolved": "https://registry.npmjs.org/@vscode/ripgrep-win32-ia32/-/ripgrep-win32-ia32-1.18.0.tgz",
      "integrity": "sha512-//rfAE+BOw5AC2EMmepmiE36jUuevtQYNQqqlw1s3m9FlRxjxEut97RkRPHAu9BG4mSojatZx+kXZXNdyI9caQ==",
      "cpu": [
        "ia32"
      ],
      "license": "MIT",
      "optional": true,
      "os": [
        "win32"
      ]
    },
    "node_modules/@vscode/ripgrep-win32-x64": {
      "version": "1.18.0",
      "resolved": "https://registry.npmjs.org/@vscode/ripgrep-win32-x64/-/ripgrep-win32-x64-1.18.0.tgz",
      "integrity": "sha512-KNPvtElldqILHdnAetujPaowkNbpqJy3ssIGGN6F6Kve9Qi+nNLI2DN01O83JjCEVQbCzl8Ov3QZ9Eov3BR8Dg==",
      "cpu": [
        "x64"
      ],
      "license": "MIT",
      "optional": true,
      "os": [
        "win32"
      ]
    },
    "node_modules/detect-libc": {
      "version": "2.1.2",
      "resolved": "https://registry.npmjs.org/detect-libc/-/detect-libc-2.1.2.tgz",
      "integrity": "sha512-Btj2BOOO83o3WyH59e8MgXsxEQVcarkUOpEYrubB0urwnN10yQ364rsiByU11nZlqWYZm05i/of7io4mzihBtQ==",
      "license": "Apache-2.0",
      "optional": true,
      "engines": {
        "node": ">=8"
      }
    }
  }
}
